// !$*UTF8*$!
{
	archiveVersion = 1;
	classes = {
	};
	objectVersion = 46;
	objects = {

/* Begin PBXBuildFile section */
		20147DDA1A98C9390017A37D /* main.m in Sources */ = {isa = PBXBuildFile; fileRef = 20147DD91A98C9390017A37D /* main.m */; };
		20147DDD1A98C9390017A37D /* AppDelegate.m in Sources */ = {isa = PBXBuildFile; fileRef = 20147DDC1A98C9390017A37D /* AppDelegate.m */; };
		20147DE31A98C9390017A37D /* Main.storyboard in Resources */ = {isa = PBXBuildFile; fileRef = 20147DE11A98C9390017A37D /* Main.storyboard */; };
		20147DE51A98C9390017A37D /* Images.xcassets in Resources */ = {isa = PBXBuildFile; fileRef = 20147DE41A98C9390017A37D /* Images.xcassets */; };
		20147DE81A98C9390017A37D /* LaunchScreen.xib in Resources */ = {isa = PBXBuildFile; fileRef = 20147DE61A98C9390017A37D /* LaunchScreen.xib */; };
		20147DF41A98C9390017A37D /* SystemOfDirectBenefitTests.m in Sources */ = {isa = PBXBuildFile; fileRef = 20147DF31A98C9390017A37D /* SystemOfDirectBenefitTests.m */; };
		20147E0A1A98D07C0017A37D /* SignUpVC.m in Sources */ = {isa = PBXBuildFile; fileRef = 20147E091A98D07C0017A37D /* SignUpVC.m */; };
		20147E0D1A98D0930017A37D /* SignInVC.m in Sources */ = {isa = PBXBuildFile; fileRef = 20147E0C1A98D0930017A37D /* SignInVC.m */; };
		20147E101A98D19B0017A37D /* User.m in Sources */ = {isa = PBXBuildFile; fileRef = 20147E0F1A98D19B0017A37D /* User.m */; };
		20147E141A98D9780017A37D /* RequestManager.m in Sources */ = {isa = PBXBuildFile; fileRef = 20147E131A98D9780017A37D /* RequestManager.m */; };
		20147E171A98DA500017A37D /* User+Converter.m in Sources */ = {isa = PBXBuildFile; fileRef = 20147E161A98DA500017A37D /* User+Converter.m */; };
		20147E1B1A98DCF90017A37D /* NSDictionary+UrlEncoding.m in Sources */ = {isa = PBXBuildFile; fileRef = 20147E1A1A98DCF90017A37D /* NSDictionary+UrlEncoding.m */; };
		20147E1E1A98E0D50017A37D /* Constants.m in Sources */ = {isa = PBXBuildFile; fileRef = 20147E1D1A98E0D50017A37D /* Constants.m */; };
		20147E211A98E11D0017A37D /* Global.m in Sources */ = {isa = PBXBuildFile; fileRef = 20147E201A98E11D0017A37D /* Global.m */; };
		20147E241A98E4CE0017A37D /* UITextField+Validation.m in Sources */ = {isa = PBXBuildFile; fileRef = 20147E231A98E4CE0017A37D /* UITextField+Validation.m */; };
		20147E271A98E8880017A37D /* RequestGenerator.m in Sources */ = {isa = PBXBuildFile; fileRef = 20147E261A98E8880017A37D /* RequestGenerator.m */; };
		20147E2A1A98F3270017A37D /* ProfileVC.m in Sources */ = {isa = PBXBuildFile; fileRef = 20147E291A98F3270017A37D /* ProfileVC.m */; };
		20147E2D1A98FD770017A37D /* AddItemVC.m in Sources */ = {isa = PBXBuildFile; fileRef = 20147E2C1A98FD770017A37D /* AddItemVC.m */; };
		20147E301A9900410017A37D /* MyItemsVC.m in Sources */ = {isa = PBXBuildFile; fileRef = 20147E2F1A9900410017A37D /* MyItemsVC.m */; };
		20147E411A990F950017A37D /* SearchItemVC.m in Sources */ = {isa = PBXBuildFile; fileRef = 20147E401A990F950017A37D /* SearchItemVC.m */; };
		20147E441A9919330017A37D /* SearchCategoryVC.m in Sources */ = {isa = PBXBuildFile; fileRef = 20147E431A9919330017A37D /* SearchCategoryVC.m */; };
		20147E471A991D2F0017A37D /* Item.m in Sources */ = {isa = PBXBuildFile; fileRef = 20147E461A991D2F0017A37D /* Item.m */; };
		20147E4A1A9921F10017A37D /* ItemCategory.m in Sources */ = {isa = PBXBuildFile; fileRef = 20147E491A9921F10017A37D /* ItemCategory.m */; };
		20147E4D1A9926630017A37D /* Item+Converter.m in Sources */ = {isa = PBXBuildFile; fileRef = 20147E4C1A9926630017A37D /* Item+Converter.m */; };
		20E70F721A994BBE003D8892 /* ItemCategory+Converter.m in Sources */ = {isa = PBXBuildFile; fileRef = 20E70F711A994BBE003D8892 /* ItemCategory+Converter.m */; };
		20E70F771A995BF2003D8892 /* MyProfileCell.m in Sources */ = {isa = PBXBuildFile; fileRef = 20E70F751A995BF2003D8892 /* MyProfileCell.m */; };
		20E70F781A995BF2003D8892 /* MyProfileCell.xib in Resources */ = {isa = PBXBuildFile; fileRef = 20E70F761A995BF2003D8892 /* MyProfileCell.xib */; };
		20E70F7E1A9965B1003D8892 /* MyRequestsVC.m in Sources */ = {isa = PBXBuildFile; fileRef = 20E70F7D1A9965B1003D8892 /* MyRequestsVC.m */; };
		20E70F811A99718E003D8892 /* ItemInfoVC.m in Sources */ = {isa = PBXBuildFile; fileRef = 20E70F801A99718E003D8892 /* ItemInfoVC.m */; };
		20E70F841A998683003D8892 /* MyDealsVC.m in Sources */ = {isa = PBXBuildFile; fileRef = 20E70F831A998683003D8892 /* MyDealsVC.m */; };
		20E70F871A99883D003D8892 /* Deal.m in Sources */ = {isa = PBXBuildFile; fileRef = 20E70F861A99883D003D8892 /* Deal.m */; };
		20E70F8A1A998894003D8892 /* Deal+Converter.m in Sources */ = {isa = PBXBuildFile; fileRef = 20E70F891A998894003D8892 /* Deal+Converter.m */; };
/* End PBXBuildFile section */

/* Begin PBXContainerItemProxy section */
		20147DEE1A98C9390017A37D /* PBXContainerItemProxy */ = {
			isa = PBXContainerItemProxy;
			containerPortal = 20147DCC1A98C9390017A37D /* Project object */;
			proxyType = 1;
			remoteGlobalIDString = 20147DD31A98C9390017A37D;
			remoteInfo = SystemOfDirectBenefit;
		};
/* End PBXContainerItemProxy section */

/* Begin PBXFileReference section */
		20147DD41A98C9390017A37D /* SystemOfDirectBenefit.app */ = {isa = PBXFileReference; explicitFileType = wrapper.application; includeInIndex = 0; path = SystemOfDirectBenefit.app; sourceTree = BUILT_PRODUCTS_DIR; };
		20147DD81A98C9390017A37D /* Info.plist */ = {isa = PBXFileReference; lastKnownFileType = text.plist.xml; path = Info.plist; sourceTree = "<group>"; };
		20147DD91A98C9390017A37D /* main.m */ = {isa = PBXFileReference; lastKnownFileType = sourcecode.c.objc; path = main.m; sourceTree = "<group>"; };
		20147DDB1A98C9390017A37D /* AppDelegate.h */ = {isa = PBXFileReference; lastKnownFileType = sourcecode.c.h; path = AppDelegate.h; sourceTree = "<group>"; };
		20147DDC1A98C9390017A37D /* AppDelegate.m */ = {isa = PBXFileReference; lastKnownFileType = sourcecode.c.objc; path = AppDelegate.m; sourceTree = "<group>"; };
		20147DE21A98C9390017A37D /* Base */ = {isa = PBXFileReference; lastKnownFileType = file.storyboard; name = Base; path = Base.lproj/Main.storyboard; sourceTree = "<group>"; };
		20147DE41A98C9390017A37D /* Images.xcassets */ = {isa = PBXFileReference; lastKnownFileType = folder.assetcatalog; path = Images.xcassets; sourceTree = "<group>"; };
		20147DE71A98C9390017A37D /* Base */ = {isa = PBXFileReference; lastKnownFileType = file.xib; name = Base; path = Base.lproj/LaunchScreen.xib; sourceTree = "<group>"; };
		20147DED1A98C9390017A37D /* SystemOfDirectBenefitTests.xctest */ = {isa = PBXFileReference; explicitFileType = wrapper.cfbundle; includeInIndex = 0; path = SystemOfDirectBenefitTests.xctest; sourceTree = BUILT_PRODUCTS_DIR; };
		20147DF21A98C9390017A37D /* Info.plist */ = {isa = PBXFileReference; lastKnownFileType = text.plist.xml; path = Info.plist; sourceTree = "<group>"; };
		20147DF31A98C9390017A37D /* SystemOfDirectBenefitTests.m */ = {isa = PBXFileReference; lastKnownFileType = sourcecode.c.objc; path = SystemOfDirectBenefitTests.m; sourceTree = "<group>"; };
		20147E081A98D07C0017A37D /* SignUpVC.h */ = {isa = PBXFileReference; fileEncoding = 4; lastKnownFileType = sourcecode.c.h; path = SignUpVC.h; sourceTree = "<group>"; };
		20147E091A98D07C0017A37D /* SignUpVC.m */ = {isa = PBXFileReference; fileEncoding = 4; lastKnownFileType = sourcecode.c.objc; path = SignUpVC.m; sourceTree = "<group>"; };
		20147E0B1A98D0930017A37D /* SignInVC.h */ = {isa = PBXFileReference; fileEncoding = 4; lastKnownFileType = sourcecode.c.h; path = SignInVC.h; sourceTree = "<group>"; };
		20147E0C1A98D0930017A37D /* SignInVC.m */ = {isa = PBXFileReference; fileEncoding = 4; lastKnownFileType = sourcecode.c.objc; path = SignInVC.m; sourceTree = "<group>"; };
		20147E0E1A98D19B0017A37D /* User.h */ = {isa = PBXFileReference; fileEncoding = 4; lastKnownFileType = sourcecode.c.h; path = User.h; sourceTree = "<group>"; };
		20147E0F1A98D19B0017A37D /* User.m */ = {isa = PBXFileReference; fileEncoding = 4; lastKnownFileType = sourcecode.c.objc; path = User.m; sourceTree = "<group>"; };
		20147E121A98D9780017A37D /* RequestManager.h */ = {isa = PBXFileReference; fileEncoding = 4; lastKnownFileType = sourcecode.c.h; path = RequestManager.h; sourceTree = "<group>"; };
		20147E131A98D9780017A37D /* RequestManager.m */ = {isa = PBXFileReference; fileEncoding = 4; lastKnownFileType = sourcecode.c.objc; path = RequestManager.m; sourceTree = "<group>"; };
		20147E151A98DA500017A37D /* User+Converter.h */ = {isa = PBXFileReference; fileEncoding = 4; lastKnownFileType = sourcecode.c.h; path = "User+Converter.h"; sourceTree = "<group>"; };
		20147E161A98DA500017A37D /* User+Converter.m */ = {isa = PBXFileReference; fileEncoding = 4; lastKnownFileType = sourcecode.c.objc; path = "User+Converter.m"; sourceTree = "<group>"; };
		20147E191A98DCF90017A37D /* NSDictionary+UrlEncoding.h */ = {isa = PBXFileReference; fileEncoding = 4; lastKnownFileType = sourcecode.c.h; path = "NSDictionary+UrlEncoding.h"; sourceTree = "<group>"; };
		20147E1A1A98DCF90017A37D /* NSDictionary+UrlEncoding.m */ = {isa = PBXFileReference; fileEncoding = 4; lastKnownFileType = sourcecode.c.objc; path = "NSDictionary+UrlEncoding.m"; sourceTree = "<group>"; };
		20147E1C1A98E0D50017A37D /* Constants.h */ = {isa = PBXFileReference; fileEncoding = 4; lastKnownFileType = sourcecode.c.h; path = Constants.h; sourceTree = "<group>"; };
		20147E1D1A98E0D50017A37D /* Constants.m */ = {isa = PBXFileReference; fileEncoding = 4; lastKnownFileType = sourcecode.c.objc; path = Constants.m; sourceTree = "<group>"; };
		20147E1F1A98E11D0017A37D /* Global.h */ = {isa = PBXFileReference; fileEncoding = 4; lastKnownFileType = sourcecode.c.h; path = Global.h; sourceTree = "<group>"; };
		20147E201A98E11D0017A37D /* Global.m */ = {isa = PBXFileReference; fileEncoding = 4; lastKnownFileType = sourcecode.c.objc; path = Global.m; sourceTree = "<group>"; };
		20147E221A98E4CE0017A37D /* UITextField+Validation.h */ = {isa = PBXFileReference; fileEncoding = 4; lastKnownFileType = sourcecode.c.h; path = "UITextField+Validation.h"; sourceTree = "<group>"; };
		20147E231A98E4CE0017A37D /* UITextField+Validation.m */ = {isa = PBXFileReference; fileEncoding = 4; lastKnownFileType = sourcecode.c.objc; path = "UITextField+Validation.m"; sourceTree = "<group>"; };
		20147E251A98E8880017A37D /* RequestGenerator.h */ = {isa = PBXFileReference; fileEncoding = 4; lastKnownFileType = sourcecode.c.h; path = RequestGenerator.h; sourceTree = "<group>"; };
		20147E261A98E8880017A37D /* RequestGenerator.m */ = {isa = PBXFileReference; fileEncoding = 4; lastKnownFileType = sourcecode.c.objc; path = RequestGenerator.m; sourceTree = "<group>"; };
		20147E281A98F3270017A37D /* ProfileVC.h */ = {isa = PBXFileReference; fileEncoding = 4; lastKnownFileType = sourcecode.c.h; path = ProfileVC.h; sourceTree = "<group>"; };
		20147E291A98F3270017A37D /* ProfileVC.m */ = {isa = PBXFileReference; fileEncoding = 4; lastKnownFileType = sourcecode.c.objc; path = ProfileVC.m; sourceTree = "<group>"; };
		20147E2B1A98FD770017A37D /* AddItemVC.h */ = {isa = PBXFileReference; fileEncoding = 4; lastKnownFileType = sourcecode.c.h; path = AddItemVC.h; sourceTree = "<group>"; };
		20147E2C1A98FD770017A37D /* AddItemVC.m */ = {isa = PBXFileReference; fileEncoding = 4; lastKnownFileType = sourcecode.c.objc; path = AddItemVC.m; sourceTree = "<group>"; };
		20147E2E1A9900410017A37D /* MyItemsVC.h */ = {isa = PBXFileReference; fileEncoding = 4; lastKnownFileType = sourcecode.c.h; path = MyItemsVC.h; sourceTree = "<group>"; };
		20147E2F1A9900410017A37D /* MyItemsVC.m */ = {isa = PBXFileReference; fileEncoding = 4; lastKnownFileType = sourcecode.c.objc; path = MyItemsVC.m; sourceTree = "<group>"; };
		20147E3F1A990F950017A37D /* SearchItemVC.h */ = {isa = PBXFileReference; fileEncoding = 4; lastKnownFileType = sourcecode.c.h; path = SearchItemVC.h; sourceTree = "<group>"; };
		20147E401A990F950017A37D /* SearchItemVC.m */ = {isa = PBXFileReference; fileEncoding = 4; lastKnownFileType = sourcecode.c.objc; path = SearchItemVC.m; sourceTree = "<group>"; };
		20147E421A9919330017A37D /* SearchCategoryVC.h */ = {isa = PBXFileReference; fileEncoding = 4; lastKnownFileType = sourcecode.c.h; path = SearchCategoryVC.h; sourceTree = "<group>"; };
		20147E431A9919330017A37D /* SearchCategoryVC.m */ = {isa = PBXFileReference; fileEncoding = 4; lastKnownFileType = sourcecode.c.objc; path = SearchCategoryVC.m; sourceTree = "<group>"; };
		20147E451A991D2F0017A37D /* Item.h */ = {isa = PBXFileReference; fileEncoding = 4; lastKnownFileType = sourcecode.c.h; path = Item.h; sourceTree = "<group>"; };
		20147E461A991D2F0017A37D /* Item.m */ = {isa = PBXFileReference; fileEncoding = 4; lastKnownFileType = sourcecode.c.objc; path = Item.m; sourceTree = "<group>"; };
		20147E481A9921F10017A37D /* ItemCategory.h */ = {isa = PBXFileReference; fileEncoding = 4; lastKnownFileType = sourcecode.c.h; path = ItemCategory.h; sourceTree = "<group>"; };
		20147E491A9921F10017A37D /* ItemCategory.m */ = {isa = PBXFileReference; fileEncoding = 4; lastKnownFileType = sourcecode.c.objc; path = ItemCategory.m; sourceTree = "<group>"; };
		20147E4B1A9926630017A37D /* Item+Converter.h */ = {isa = PBXFileReference; fileEncoding = 4; lastKnownFileType = sourcecode.c.h; path = "Item+Converter.h"; sourceTree = "<group>"; };
		20147E4C1A9926630017A37D /* Item+Converter.m */ = {isa = PBXFileReference; fileEncoding = 4; lastKnownFileType = sourcecode.c.objc; path = "Item+Converter.m"; sourceTree = "<group>"; };
		20E70F701A994BBE003D8892 /* ItemCategory+Converter.h */ = {isa = PBXFileReference; fileEncoding = 4; lastKnownFileType = sourcecode.c.h; path = "ItemCategory+Converter.h"; sourceTree = "<group>"; };
		20E70F711A994BBE003D8892 /* ItemCategory+Converter.m */ = {isa = PBXFileReference; fileEncoding = 4; lastKnownFileType = sourcecode.c.objc; path = "ItemCategory+Converter.m"; sourceTree = "<group>"; };
		20E70F741A995BF2003D8892 /* MyProfileCell.h */ = {isa = PBXFileReference; fileEncoding = 4; lastKnownFileType = sourcecode.c.h; path = MyProfileCell.h; sourceTree = "<group>"; };
		20E70F751A995BF2003D8892 /* MyProfileCell.m */ = {isa = PBXFileReference; fileEncoding = 4; lastKnownFileType = sourcecode.c.objc; path = MyProfileCell.m; sourceTree = "<group>"; };
		20E70F761A995BF2003D8892 /* MyProfileCell.xib */ = {isa = PBXFileReference; fileEncoding = 4; lastKnownFileType = file.xib; path = MyProfileCell.xib; sourceTree = "<group>"; };
		20E70F7C1A9965B1003D8892 /* MyRequestsVC.h */ = {isa = PBXFileReference; fileEncoding = 4; lastKnownFileType = sourcecode.c.h; path = MyRequestsVC.h; sourceTree = "<group>"; };
		20E70F7D1A9965B1003D8892 /* MyRequestsVC.m */ = {isa = PBXFileReference; fileEncoding = 4; lastKnownFileType = sourcecode.c.objc; path = MyRequestsVC.m; sourceTree = "<group>"; };
		20E70F7F1A99718E003D8892 /* ItemInfoVC.h */ = {isa = PBXFileReference; fileEncoding = 4; lastKnownFileType = sourcecode.c.h; path = ItemInfoVC.h; sourceTree = "<group>"; };
		20E70F801A99718E003D8892 /* ItemInfoVC.m */ = {isa = PBXFileReference; fileEncoding = 4; lastKnownFileType = sourcecode.c.objc; path = ItemInfoVC.m; sourceTree = "<group>"; };
		20E70F821A998683003D8892 /* MyDealsVC.h */ = {isa = PBXFileReference; fileEncoding = 4; lastKnownFileType = sourcecode.c.h; path = MyDealsVC.h; sourceTree = "<group>"; };
		20E70F831A998683003D8892 /* MyDealsVC.m */ = {isa = PBXFileReference; fileEncoding = 4; lastKnownFileType = sourcecode.c.objc; path = MyDealsVC.m; sourceTree = "<group>"; };
		20E70F851A99883D003D8892 /* Deal.h */ = {isa = PBXFileReference; fileEncoding = 4; lastKnownFileType = sourcecode.c.h; path = Deal.h; sourceTree = "<group>"; };
		20E70F861A99883D003D8892 /* Deal.m */ = {isa = PBXFileReference; fileEncoding = 4; lastKnownFileType = sourcecode.c.objc; path = Deal.m; sourceTree = "<group>"; };
		20E70F881A998894003D8892 /* Deal+Converter.h */ = {isa = PBXFileReference; fileEncoding = 4; lastKnownFileType = sourcecode.c.h; path = "Deal+Converter.h"; sourceTree = "<group>"; };
		20E70F891A998894003D8892 /* Deal+Converter.m */ = {isa = PBXFileReference; fileEncoding = 4; lastKnownFileType = sourcecode.c.objc; path = "Deal+Converter.m"; sourceTree = "<group>"; };
/* End PBXFileReference section */

/* Begin PBXFrameworksBuildPhase section */
		20147DD11A98C9390017A37D /* Frameworks */ = {
			isa = PBXFrameworksBuildPhase;
			buildActionMask = 2147483647;
			files = (
			);
			runOnlyForDeploymentPostprocessing = 0;
		};
		20147DEA1A98C9390017A37D /* Frameworks */ = {
			isa = PBXFrameworksBuildPhase;
			buildActionMask = 2147483647;
			files = (
			);
			runOnlyForDeploymentPostprocessing = 0;
		};
/* End PBXFrameworksBuildPhase section */

/* Begin PBXGroup section */
		20147DCB1A98C9390017A37D = {
			isa = PBXGroup;
			children = (
				20147DD61A98C9390017A37D /* SystemOfDirectBenefit */,
				20147DF01A98C9390017A37D /* SystemOfDirectBenefitTests */,
				20147DD51A98C9390017A37D /* Products */,
			);
			sourceTree = "<group>";
		};
		20147DD51A98C9390017A37D /* Products */ = {
			isa = PBXGroup;
			children = (
				20147DD41A98C9390017A37D /* SystemOfDirectBenefit.app */,
				20147DED1A98C9390017A37D /* SystemOfDirectBenefitTests.xctest */,
			);
			name = Products;
			sourceTree = "<group>";
		};
		20147DD61A98C9390017A37D /* SystemOfDirectBenefit */ = {
			isa = PBXGroup;
			children = (
				20147E311A990E8F0017A37D /* 3rdParty */,
				20147DFD1A98CFF00017A37D /* Controllers */,
				20147DFE1A98CFF00017A37D /* Models */,
				20147E111A98D9690017A37D /* Classes */,
				20147E181A98DCF90017A37D /* Categories */,
				20E70F731A995BCF003D8892 /* Views */,
				20147DDB1A98C9390017A37D /* AppDelegate.h */,
				20147DDC1A98C9390017A37D /* AppDelegate.m */,
				20147DE11A98C9390017A37D /* Main.storyboard */,
				20147DE41A98C9390017A37D /* Images.xcassets */,
				20147DE61A98C9390017A37D /* LaunchScreen.xib */,
				20147DD71A98C9390017A37D /* Supporting Files */,
			);
			path = SystemOfDirectBenefit;
			sourceTree = "<group>";
		};
		20147DD71A98C9390017A37D /* Supporting Files */ = {
			isa = PBXGroup;
			children = (
				20147DD81A98C9390017A37D /* Info.plist */,
				20147DD91A98C9390017A37D /* main.m */,
			);
			name = "Supporting Files";
			sourceTree = "<group>";
		};
		20147DF01A98C9390017A37D /* SystemOfDirectBenefitTests */ = {
			isa = PBXGroup;
			children = (
				20147DF31A98C9390017A37D /* SystemOfDirectBenefitTests.m */,
				20147DF11A98C9390017A37D /* Supporting Files */,
			);
			path = SystemOfDirectBenefitTests;
			sourceTree = "<group>";
		};
		20147DF11A98C9390017A37D /* Supporting Files */ = {
			isa = PBXGroup;
			children = (
				20147DF21A98C9390017A37D /* Info.plist */,
			);
			name = "Supporting Files";
			sourceTree = "<group>";
		};
		20147DFD1A98CFF00017A37D /* Controllers */ = {
			isa = PBXGroup;
			children = (
				20147E0B1A98D0930017A37D /* SignInVC.h */,
				20147E0C1A98D0930017A37D /* SignInVC.m */,
				20147E081A98D07C0017A37D /* SignUpVC.h */,
				20147E091A98D07C0017A37D /* SignUpVC.m */,
				20147E281A98F3270017A37D /* ProfileVC.h */,
				20147E291A98F3270017A37D /* ProfileVC.m */,
				20147E2B1A98FD770017A37D /* AddItemVC.h */,
				20147E2C1A98FD770017A37D /* AddItemVC.m */,
				20147E3F1A990F950017A37D /* SearchItemVC.h */,
				20147E401A990F950017A37D /* SearchItemVC.m */,
				20147E2E1A9900410017A37D /* MyItemsVC.h */,
				20147E2F1A9900410017A37D /* MyItemsVC.m */,
				20147E421A9919330017A37D /* SearchCategoryVC.h */,
				20147E431A9919330017A37D /* SearchCategoryVC.m */,
				20E70F7C1A9965B1003D8892 /* MyRequestsVC.h */,
				20E70F7D1A9965B1003D8892 /* MyRequestsVC.m */,
				20E70F7F1A99718E003D8892 /* ItemInfoVC.h */,
				20E70F801A99718E003D8892 /* ItemInfoVC.m */,
				20E70F821A998683003D8892 /* MyDealsVC.h */,
				20E70F831A998683003D8892 /* MyDealsVC.m */,
			);
			path = Controllers;
			sourceTree = "<group>";
		};
		20147DFE1A98CFF00017A37D /* Models */ = {
			isa = PBXGroup;
			children = (
				20147E0E1A98D19B0017A37D /* User.h */,
				20147E0F1A98D19B0017A37D /* User.m */,
				20147E151A98DA500017A37D /* User+Converter.h */,
				20147E161A98DA500017A37D /* User+Converter.m */,
				20147E451A991D2F0017A37D /* Item.h */,
				20147E461A991D2F0017A37D /* Item.m */,
				20147E4B1A9926630017A37D /* Item+Converter.h */,
				20147E4C1A9926630017A37D /* Item+Converter.m */,
				20147E481A9921F10017A37D /* ItemCategory.h */,
				20147E491A9921F10017A37D /* ItemCategory.m */,
				20E70F701A994BBE003D8892 /* ItemCategory+Converter.h */,
				20E70F711A994BBE003D8892 /* ItemCategory+Converter.m */,
				20E70F851A99883D003D8892 /* Deal.h */,
				20E70F861A99883D003D8892 /* Deal.m */,
				20E70F881A998894003D8892 /* Deal+Converter.h */,
				20E70F891A998894003D8892 /* Deal+Converter.m */,
			);
			path = Models;
			sourceTree = "<group>";
		};
		20147E111A98D9690017A37D /* Classes */ = {
			isa = PBXGroup;
			children = (
				20147E1F1A98E11D0017A37D /* Global.h */,
				20147E201A98E11D0017A37D /* Global.m */,
				20147E1C1A98E0D50017A37D /* Constants.h */,
				20147E1D1A98E0D50017A37D /* Constants.m */,
				20147E121A98D9780017A37D /* RequestManager.h */,
				20147E131A98D9780017A37D /* RequestManager.m */,
				20147E251A98E8880017A37D /* RequestGenerator.h */,
				20147E261A98E8880017A37D /* RequestGenerator.m */,
			);
			path = Classes;
			sourceTree = "<group>";
		};
		20147E181A98DCF90017A37D /* Categories */ = {
			isa = PBXGroup;
			children = (
				20147E191A98DCF90017A37D /* NSDictionary+UrlEncoding.h */,
				20147E1A1A98DCF90017A37D /* NSDictionary+UrlEncoding.m */,
				20147E221A98E4CE0017A37D /* UITextField+Validation.h */,
				20147E231A98E4CE0017A37D /* UITextField+Validation.m */,
			);
			path = Categories;
			sourceTree = "<group>";
		};
		20147E311A990E8F0017A37D /* 3rdParty */ = {
			isa = PBXGroup;
			children = (
			);
			path = 3rdParty;
			sourceTree = "<group>";
		};
		20E70F731A995BCF003D8892 /* Views */ = {
			isa = PBXGroup;
			children = (
				20E70F741A995BF2003D8892 /* MyProfileCell.h */,
				20E70F751A995BF2003D8892 /* MyProfileCell.m */,
				20E70F761A995BF2003D8892 /* MyProfileCell.xib */,
			);
			path = Views;
			sourceTree = "<group>";
		};
/* End PBXGroup section */

/* Begin PBXNativeTarget section */
		20147DD31A98C9390017A37D /* SystemOfDirectBenefit */ = {
			isa = PBXNativeTarget;
			buildConfigurationList = 20147DF71A98C9390017A37D /* Build configuration list for PBXNativeTarget "SystemOfDirectBenefit" */;
			buildPhases = (
				20147DD01A98C9390017A37D /* Sources */,
				20147DD11A98C9390017A37D /* Frameworks */,
				20147DD21A98C9390017A37D /* Resources */,
			);
			buildRules = (
			);
			dependencies = (
			);
			name = SystemOfDirectBenefit;
			productName = SystemOfDirectBenefit;
			productReference = 20147DD41A98C9390017A37D /* SystemOfDirectBenefit.app */;
			productType = "com.apple.product-type.application";
		};
		20147DEC1A98C9390017A37D /* SystemOfDirectBenefitTests */ = {
			isa = PBXNativeTarget;
			buildConfigurationList = 20147DFA1A98C9390017A37D /* Build configuration list for PBXNativeTarget "SystemOfDirectBenefitTests" */;
			buildPhases = (
				20147DE91A98C9390017A37D /* Sources */,
				20147DEA1A98C9390017A37D /* Frameworks */,
				20147DEB1A98C9390017A37D /* Resources */,
			);
			buildRules = (
			);
			dependencies = (
				20147DEF1A98C9390017A37D /* PBXTargetDependency */,
			);
			name = SystemOfDirectBenefitTests;
			productName = SystemOfDirectBenefitTests;
			productReference = 20147DED1A98C9390017A37D /* SystemOfDirectBenefitTests.xctest */;
			productType = "com.apple.product-type.bundle.unit-test";
		};
/* End PBXNativeTarget section */

/* Begin PBXProject section */
		20147DCC1A98C9390017A37D /* Project object */ = {
			isa = PBXProject;
			attributes = {
				LastUpgradeCheck = 0610;
				ORGANIZATIONNAME = "Alex Kunitsa";
				TargetAttributes = {
					20147DD31A98C9390017A37D = {
						CreatedOnToolsVersion = 6.1.1;
					};
					20147DEC1A98C9390017A37D = {
						CreatedOnToolsVersion = 6.1.1;
						TestTargetID = 20147DD31A98C9390017A37D;
					};
				};
			};
			buildConfigurationList = 20147DCF1A98C9390017A37D /* Build configuration list for PBXProject "SystemOfDirectBenefit" */;
			compatibilityVersion = "Xcode 3.2";
			developmentRegion = English;
			hasScannedForEncodings = 0;
			knownRegions = (
				en,
				Base,
			);
			mainGroup = 20147DCB1A98C9390017A37D;
			productRefGroup = 20147DD51A98C9390017A37D /* Products */;
			projectDirPath = "";
			projectRoot = "";
			targets = (
				20147DD31A98C9390017A37D /* SystemOfDirectBenefit */,
				20147DEC1A98C9390017A37D /* SystemOfDirectBenefitTests */,
			);
		};
/* End PBXProject section */

/* Begin PBXResourcesBuildPhase section */
		20147DD21A98C9390017A37D /* Resources */ = {
			isa = PBXResourcesBuildPhase;
			buildActionMask = 2147483647;
			files = (
				20147DE31A98C9390017A37D /* Main.storyboard in Resources */,
				20E70F781A995BF2003D8892 /* MyProfileCell.xib in Resources */,
				20147DE81A98C9390017A37D /* LaunchScreen.xib in Resources */,
				20147DE51A98C9390017A37D /* Images.xcassets in Resources */,
			);
			runOnlyForDeploymentPostprocessing = 0;
		};
		20147DEB1A98C9390017A37D /* Resources */ = {
			isa = PBXResourcesBuildPhase;
			buildActionMask = 2147483647;
			files = (
			);
			runOnlyForDeploymentPostprocessing = 0;
		};
/* End PBXResourcesBuildPhase section */

/* Begin PBXSourcesBuildPhase section */
		20147DD01A98C9390017A37D /* Sources */ = {
			isa = PBXSourcesBuildPhase;
			buildActionMask = 2147483647;
			files = (
				20147E471A991D2F0017A37D /* Item.m in Sources */,
				20E70F771A995BF2003D8892 /* MyProfileCell.m in Sources */,
				20E70F8A1A998894003D8892 /* Deal+Converter.m in Sources */,
				20147E0A1A98D07C0017A37D /* SignUpVC.m in Sources */,
				20147E271A98E8880017A37D /* RequestGenerator.m in Sources */,
				20147E2A1A98F3270017A37D /* ProfileVC.m in Sources */,
				20147E441A9919330017A37D /* SearchCategoryVC.m in Sources */,
				20147E2D1A98FD770017A37D /* AddItemVC.m in Sources */,
				20147E1B1A98DCF90017A37D /* NSDictionary+UrlEncoding.m in Sources */,
				20E70F841A998683003D8892 /* MyDealsVC.m in Sources */,
				20147E301A9900410017A37D /* MyItemsVC.m in Sources */,
				20147E211A98E11D0017A37D /* Global.m in Sources */,
				20E70F7E1A9965B1003D8892 /* MyRequestsVC.m in Sources */,
				20E70F811A99718E003D8892 /* ItemInfoVC.m in Sources */,
				20E70F871A99883D003D8892 /* Deal.m in Sources */,
				20147E411A990F950017A37D /* SearchItemVC.m in Sources */,
				20147E101A98D19B0017A37D /* User.m in Sources */,
				20E70F721A994BBE003D8892 /* ItemCategory+Converter.m in Sources */,
				20147E0D1A98D0930017A37D /* SignInVC.m in Sources */,
				20147E171A98DA500017A37D /* User+Converter.m in Sources */,
				20147E4D1A9926630017A37D /* Item+Converter.m in Sources */,
				20147E4A1A9921F10017A37D /* ItemCategory.m in Sources */,
				20147E141A98D9780017A37D /* RequestManager.m in Sources */,
				20147DDD1A98C9390017A37D /* AppDelegate.m in Sources */,
				20147E241A98E4CE0017A37D /* UITextField+Validation.m in Sources */,
				20147DDA1A98C9390017A37D /* main.m in Sources */,
				20147E1E1A98E0D50017A37D /* Constants.m in Sources */,
			);
			runOnlyForDeploymentPostprocessing = 0;
		};
		20147DE91A98C9390017A37D /* Sources */ = {
			isa = PBXSourcesBuildPhase;
			buildActionMask = 2147483647;
			files = (
				20147DF41A98C9390017A37D /* SystemOfDirectBenefitTests.m in Sources */,
			);
			runOnlyForDeploymentPostprocessing = 0;
		};
/* End PBXSourcesBuildPhase section */

/* Begin PBXTargetDependency section */
		20147DEF1A98C9390017A37D /* PBXTargetDependency */ = {
			isa = PBXTargetDependency;
			target = 20147DD31A98C9390017A37D /* SystemOfDirectBenefit */;
			targetProxy = 20147DEE1A98C9390017A37D /* PBXContainerItemProxy */;
		};
/* End PBXTargetDependency section */

/* Begin PBXVariantGroup section */
		20147DE11A98C9390017A37D /* Main.storyboard */ = {
			isa = PBXVariantGroup;
			children = (
				20147DE21A98C9390017A37D /* Base */,
			);
			name = Main.storyboard;
			sourceTree = "<group>";
		};
		20147DE61A98C9390017A37D /* LaunchScreen.xib */ = {
			isa = PBXVariantGroup;
			children = (
				20147DE71A98C9390017A37D /* Base */,
			);
			name = LaunchScreen.xib;
			sourceTree = "<group>";
		};
/* End PBXVariantGroup section */

/* Begin XCBuildConfiguration section */
		20147DF51A98C9390017A37D /* Debug */ = {
			isa = XCBuildConfiguration;
			buildSettings = {
				ALWAYS_SEARCH_USER_PATHS = NO;
				CLANG_CXX_LANGUAGE_STANDARD = "gnu++0x";
				CLANG_CXX_LIBRARY = "libc++";
				CLANG_ENABLE_MODULES = YES;
				CLANG_ENABLE_OBJC_ARC = YES;
				CLANG_WARN_BOOL_CONVERSION = YES;
				CLANG_WARN_CONSTANT_CONVERSION = YES;
				CLANG_WARN_DIRECT_OBJC_ISA_USAGE = YES_ERROR;
				CLANG_WARN_EMPTY_BODY = YES;
				CLANG_WARN_ENUM_CONVERSION = YES;
				CLANG_WARN_INT_CONVERSION = YES;
				CLANG_WARN_OBJC_ROOT_CLASS = YES_ERROR;
				CLANG_WARN_UNREACHABLE_CODE = YES;
				CLANG_WARN__DUPLICATE_METHOD_MATCH = YES;
				"CODE_SIGN_IDENTITY[sdk=iphoneos*]" = "iPhone Developer";
				COPY_PHASE_STRIP = NO;
				ENABLE_STRICT_OBJC_MSGSEND = YES;
				GCC_C_LANGUAGE_STANDARD = gnu99;
				GCC_DYNAMIC_NO_PIC = NO;
				GCC_OPTIMIZATION_LEVEL = 0;
				GCC_PREPROCESSOR_DEFINITIONS = (
					"DEBUG=1",
					"$(inherited)",
				);
				GCC_SYMBOLS_PRIVATE_EXTERN = NO;
				GCC_WARN_64_TO_32_BIT_CONVERSION = YES;
				GCC_WARN_ABOUT_RETURN_TYPE = YES_ERROR;
				GCC_WARN_UNDECLARED_SELECTOR = YES;
				GCC_WARN_UNINITIALIZED_AUTOS = YES_AGGRESSIVE;
				GCC_WARN_UNUSED_FUNCTION = YES;
				GCC_WARN_UNUSED_VARIABLE = YES;
				IPHONEOS_DEPLOYMENT_TARGET = 8.1;
				MTL_ENABLE_DEBUG_INFO = YES;
				ONLY_ACTIVE_ARCH = YES;
				SDKROOT = iphoneos;
			};
			name = Debug;
		};
		20147DF61A98C9390017A37D /* Release */ = {
			isa = XCBuildConfiguration;
			buildSettings = {
				ALWAYS_SEARCH_USER_PATHS = NO;
				CLANG_CXX_LANGUAGE_STANDARD = "gnu++0x";
				CLANG_CXX_LIBRARY = "libc++";
				CLANG_ENABLE_MODULES = YES;
				CLANG_ENABLE_OBJC_ARC = YES;
				CLANG_WARN_BOOL_CONVERSION = YES;
				CLANG_WARN_CONSTANT_CONVERSION = YES;
				CLANG_WARN_DIRECT_OBJC_ISA_USAGE = YES_ERROR;
				CLANG_WARN_EMPTY_BODY = YES;
				CLANG_WARN_ENUM_CONVERSION = YES;
				CLANG_WARN_INT_CONVERSION = YES;
				CLANG_WARN_OBJC_ROOT_CLASS = YES_ERROR;
				CLANG_WARN_UNREACHABLE_CODE = YES;
				CLANG_WARN__DUPLICATE_METHOD_MATCH = YES;
				"CODE_SIGN_IDENTITY[sdk=iphoneos*]" = "iPhone Developer";
				COPY_PHASE_STRIP = YES;
				ENABLE_NS_ASSERTIONS = NO;
				ENABLE_STRICT_OBJC_MSGSEND = YES;
				GCC_C_LANGUAGE_STANDARD = gnu99;
				GCC_WARN_64_TO_32_BIT_CONVERSION = YES;
				GCC_WARN_ABOUT_RETURN_TYPE = YES_ERROR;
				GCC_WARN_UNDECLARED_SELECTOR = YES;
				GCC_WARN_UNINITIALIZED_AUTOS = YES_AGGRESSIVE;
				GCC_WARN_UNUSED_FUNCTION = YES;
				GCC_WARN_UNUSED_VARIABLE = YES;
				IPHONEOS_DEPLOYMENT_TARGET = 8.1;
				MTL_ENABLE_DEBUG_INFO = NO;
				SDKROOT = iphoneos;
				VALIDATE_PRODUCT = YES;
			};
			name = Release;
		};
		20147DF81A98C9390017A37D /* Debug */ = {
			isa = XCBuildConfiguration;
			buildSettings = {
				ASSETCATALOG_COMPILER_APPICON_NAME = AppIcon;
				INFOPLIST_FILE = SystemOfDirectBenefit/Info.plist;
				LD_RUNPATH_SEARCH_PATHS = "$(inherited) @executable_path/Frameworks";
				PRODUCT_NAME = "$(TARGET_NAME)";
			};
			name = Debug;
		};
		20147DF91A98C9390017A37D /* Release */ = {
			isa = XCBuildConfiguration;
			buildSettings = {
				ASSETCATALOG_COMPILER_APPICON_NAME = AppIcon;
				INFOPLIST_FILE = SystemOfDirectBenefit/Info.plist;
				LD_RUNPATH_SEARCH_PATHS = "$(inherited) @executable_path/Frameworks";
				PRODUCT_NAME = "$(TARGET_NAME)";
			};
			name = Release;
		};
		20147DFB1A98C9390017A37D /* Debug */ = {
			isa = XCBuildConfiguration;
			buildSettings = {
				BUNDLE_LOADER = "$(TEST_HOST)";
				FRAMEWORK_SEARCH_PATHS = (
					"$(SDKROOT)/Developer/Library/Frameworks",
					"$(inherited)",
				);
				GCC_PREPROCESSOR_DEFINITIONS = (
					"DEBUG=1",
					"$(inherited)",
				);
				INFOPLIST_FILE = SystemOfDirectBenefitTests/Info.plist;
				LD_RUNPATH_SEARCH_PATHS = "$(inherited) @executable_path/Frameworks @loader_path/Frameworks";
				PRODUCT_NAME = "$(TARGET_NAME)";
				TEST_HOST = "$(BUILT_PRODUCTS_DIR)/SystemOfDirectBenefit.app/SystemOfDirectBenefit";
			};
			name = Debug;
		};
		20147DFC1A98C9390017A37D /* Release */ = {
			isa = XCBuildConfiguration;
			buildSettings = {
				BUNDLE_LOADER = "$(TEST_HOST)";
				FRAMEWORK_SEARCH_PATHS = (
					"$(SDKROOT)/Developer/Library/Frameworks",
					"$(inherited)",
				);
				INFOPLIST_FILE = SystemOfDirectBenefitTests/Info.plist;
				LD_RUNPATH_SEARCH_PATHS = "$(inherited) @executable_path/Frameworks @loader_path/Frameworks";
				PRODUCT_NAME = "$(TARGET_NAME)";
				TEST_HOST = "$(BUILT_PRODUCTS_DIR)/SystemOfDirectBenefit.app/SystemOfDirectBenefit";
			};
			name = Release;
		};
/* End XCBuildConfiguration section */

/* Begin XCConfigurationList section */
		20147DCF1A98C9390017A37D /* Build configuration list for PBXProject "SystemOfDirectBenefit" */ = {
			isa = XCConfigurationList;
			buildConfigurations = (
				20147DF51A98C9390017A37D /* Debug */,
				20147DF61A98C9390017A37D /* Release */,
			);
			defaultConfigurationIsVisible = 0;
			defaultConfigurationName = Release;
		};
		20147DF71A98C9390017A37D /* Build configuration list for PBXNativeTarget "SystemOfDirectBenefit" */ = {
			isa = XCConfigurationList;
			buildConfigurations = (
				20147DF81A98C9390017A37D /* Debug */,
				20147DF91A98C9390017A37D /* Release */,
			);
			defaultConfigurationIsVisible = 0;
			defaultConfigurationName = Release;
		};
		20147DFA1A98C9390017A37D /* Build configuration list for PBXNativeTarget "SystemOfDirectBenefitTests" */ = {
			isa = XCConfigurationList;
			buildConfigurations = (
				20147DFB1A98C9390017A37D /* Debug */,
				20147DFC1A98C9390017A37D /* Release */,
			);
			defaultConfigurationIsVisible = 0;
			defaultConfigurationName = Release;
		};
/* End XCConfigurationList section */
	};
	rootObject = 20147DCC1A98C9390017A37D /* Project object */;
}
